// !$*UTF8*$!
{
	archiveVersion = 1;
	classes = {
	};
	objectVersion = 55;
	objects = {

/* Begin PBXBuildFile section */
		C31B98FB27AFB48F0015C5F4 /* CharacterListViewModelTests.swift in Sources */ = {isa = PBXBuildFile; fileRef = C31B98FA27AFB48F0015C5F4 /* CharacterListViewModelTests.swift */; };
		C31B98FD27AFB4D90015C5F4 /* MockCharacterUseCase.swift in Sources */ = {isa = PBXBuildFile; fileRef = C31B98FC27AFB4D90015C5F4 /* MockCharacterUseCase.swift */; };
		C31B990227AFB5230015C5F4 /* MockCharacterData.swift in Sources */ = {isa = PBXBuildFile; fileRef = C31B990027AFB5230015C5F4 /* MockCharacterData.swift */; };
		C31B990327AFB5230015C5F4 /* MockCharacterRepository.swift in Sources */ = {isa = PBXBuildFile; fileRef = C31B990127AFB5230015C5F4 /* MockCharacterRepository.swift */; };
		C31B990527AFB5490015C5F4 /* CharacterUseCaseTests.swift in Sources */ = {isa = PBXBuildFile; fileRef = C31B990427AFB5490015C5F4 /* CharacterUseCaseTests.swift */; };
		C31B990727AFB7100015C5F4 /* CharacterDetailViewModelTests.swift in Sources */ = {isa = PBXBuildFile; fileRef = C31B990627AFB7100015C5F4 /* CharacterDetailViewModelTests.swift */; };
		C3B1E65F27ADAADF00408676 /* AppDelegate.swift in Sources */ = {isa = PBXBuildFile; fileRef = C3B1E65E27ADAADF00408676 /* AppDelegate.swift */; };
		C3B1E66827ADAAE000408676 /* Assets.xcassets in Resources */ = {isa = PBXBuildFile; fileRef = C3B1E66727ADAAE000408676 /* Assets.xcassets */; };
		C3B1E66B27ADAAE000408676 /* LaunchScreen.storyboard in Resources */ = {isa = PBXBuildFile; fileRef = C3B1E66927ADAAE000408676 /* LaunchScreen.storyboard */; };
		C3B1E67E27ADADC800408676 /* AppCoordinator.swift in Sources */ = {isa = PBXBuildFile; fileRef = C3B1E67D27ADADC800408676 /* AppCoordinator.swift */; };
		C3B1E68127ADAE2A00408676 /* Coordinator.swift in Sources */ = {isa = PBXBuildFile; fileRef = C3B1E68027ADAE2A00408676 /* Coordinator.swift */; };
		C3B1E68327ADAE3F00408676 /* BaseCoordinator.swift in Sources */ = {isa = PBXBuildFile; fileRef = C3B1E68227ADAE3F00408676 /* BaseCoordinator.swift */; };
		C3B1E68627ADAEC900408676 /* CharacterListDIContainer.swift in Sources */ = {isa = PBXBuildFile; fileRef = C3B1E68527ADAEC900408676 /* CharacterListDIContainer.swift */; };
		C3B1E68A27ADB00E00408676 /* CharacterListCoordinator.swift in Sources */ = {isa = PBXBuildFile; fileRef = C3B1E68927ADB00E00408676 /* CharacterListCoordinator.swift */; };
		C3B1E69227ADB10500408676 /* CharacterListViewModel.swift in Sources */ = {isa = PBXBuildFile; fileRef = C3B1E69127ADB10500408676 /* CharacterListViewModel.swift */; };
		C3B1E69527ADB1C900408676 /* CharacterRepository.swift in Sources */ = {isa = PBXBuildFile; fileRef = C3B1E69427ADB1C900408676 /* CharacterRepository.swift */; };
		C3B1E69827ADB21E00408676 /* CharacterUseCase.swift in Sources */ = {isa = PBXBuildFile; fileRef = C3B1E69727ADB21E00408676 /* CharacterUseCase.swift */; };
		C3B1E69A27ADB33C00408676 /* AppDIContainer.swift in Sources */ = {isa = PBXBuildFile; fileRef = C3B1E69927ADB33C00408676 /* AppDIContainer.swift */; };
		C3DF7F7027AE57E700B6CEB1 /* CharacterListViewController.swift in Sources */ = {isa = PBXBuildFile; fileRef = C3DF7F6E27AE57E700B6CEB1 /* CharacterListViewController.swift */; };
		C3DF7F7127AE57E700B6CEB1 /* CharacterListViewController.xib in Resources */ = {isa = PBXBuildFile; fileRef = C3DF7F6F27AE57E700B6CEB1 /* CharacterListViewController.xib */; };
		C3DF7F7427AE589D00B6CEB1 /* HTTPService.swift in Sources */ = {isa = PBXBuildFile; fileRef = C3DF7F7327AE589D00B6CEB1 /* HTTPService.swift */; };
		C3DF7F7727AE593A00B6CEB1 /* RickMortyEndpoints.swift in Sources */ = {isa = PBXBuildFile; fileRef = C3DF7F7627AE593A00B6CEB1 /* RickMortyEndpoints.swift */; };
		C3DF7F7927AE5A0D00B6CEB1 /* RestService.swift in Sources */ = {isa = PBXBuildFile; fileRef = C3DF7F7827AE5A0D00B6CEB1 /* RestService.swift */; };
		C3DF7F7B27AE5A6D00B6CEB1 /* RickMortyError.swift in Sources */ = {isa = PBXBuildFile; fileRef = C3DF7F7A27AE5A6D00B6CEB1 /* RickMortyError.swift */; };
		C3DF7F7F27AE5BEB00B6CEB1 /* URL+Extension.swift in Sources */ = {isa = PBXBuildFile; fileRef = C3DF7F7E27AE5BEB00B6CEB1 /* URL+Extension.swift */; };
		C3DF7F8627AE6C0600B6CEB1 /* CharacterDTO.swift in Sources */ = {isa = PBXBuildFile; fileRef = C3DF7F8527AE6C0600B6CEB1 /* CharacterDTO.swift */; };
		C3DF7F8927AE75A500B6CEB1 /* Character.swift in Sources */ = {isa = PBXBuildFile; fileRef = C3DF7F8827AE75A500B6CEB1 /* Character.swift */; };
		C3DF7F8F27AE9B1D00B6CEB1 /* CharacterTableViewCell.swift in Sources */ = {isa = PBXBuildFile; fileRef = C3DF7F8D27AE9B1D00B6CEB1 /* CharacterTableViewCell.swift */; };
		C3DF7F9027AE9B1D00B6CEB1 /* CharacterTableViewCell.xib in Resources */ = {isa = PBXBuildFile; fileRef = C3DF7F8E27AE9B1D00B6CEB1 /* CharacterTableViewCell.xib */; };
		C3DF7F9227AEA45A00B6CEB1 /* UIView+Extension.swift in Sources */ = {isa = PBXBuildFile; fileRef = C3DF7F9127AEA45A00B6CEB1 /* UIView+Extension.swift */; };
		C3DF7F9427AEA4FC00B6CEB1 /* UITableView+Extension.swift in Sources */ = {isa = PBXBuildFile; fileRef = C3DF7F9327AEA4FC00B6CEB1 /* UITableView+Extension.swift */; };
		C3DF7F9627AEA71C00B6CEB1 /* CharacterCellItemViewModel.swift in Sources */ = {isa = PBXBuildFile; fileRef = C3DF7F9527AEA71C00B6CEB1 /* CharacterCellItemViewModel.swift */; };
		C3DF7F9827AEB6E000B6CEB1 /* UIViewController+Extension.swift in Sources */ = {isa = PBXBuildFile; fileRef = C3DF7F9727AEB6E000B6CEB1 /* UIViewController+Extension.swift */; };
		C3DF7F9A27AEBD6800B6CEB1 /* UIImageView+Extension.swift in Sources */ = {isa = PBXBuildFile; fileRef = C3DF7F9927AEBD6800B6CEB1 /* UIImageView+Extension.swift */; };
		C3DF7FA227AEEECA00B6CEB1 /* CharacterDetailViewController.swift in Sources */ = {isa = PBXBuildFile; fileRef = C3DF7FA027AEEECA00B6CEB1 /* CharacterDetailViewController.swift */; };
		C3DF7FA327AEEECA00B6CEB1 /* CharacterDetailViewController.xib in Resources */ = {isa = PBXBuildFile; fileRef = C3DF7FA127AEEECA00B6CEB1 /* CharacterDetailViewController.xib */; };
		C3DF7FA527AEF53200B6CEB1 /* CharacterDetailCoordinator.swift in Sources */ = {isa = PBXBuildFile; fileRef = C3DF7FA427AEF53200B6CEB1 /* CharacterDetailCoordinator.swift */; };
		C3DF7FA727AEF94200B6CEB1 /* CharacterDetailDIContainer.swift in Sources */ = {isa = PBXBuildFile; fileRef = C3DF7FA627AEF94200B6CEB1 /* CharacterDetailDIContainer.swift */; };
		C3DF7FA927AEF9D800B6CEB1 /* CharacterDetailViewModel.swift in Sources */ = {isa = PBXBuildFile; fileRef = C3DF7FA827AEF9D700B6CEB1 /* CharacterDetailViewModel.swift */; };
/* End PBXBuildFile section */

/* Begin PBXContainerItemProxy section */
		C31B98F227AFB3E30015C5F4 /* PBXContainerItemProxy */ = {
			isa = PBXContainerItemProxy;
			containerPortal = C3B1E65327ADAADE00408676 /* Project object */;
			proxyType = 1;
			remoteGlobalIDString = C3B1E65A27ADAADE00408676;
			remoteInfo = "Rick-Morty-App";
		};
/* End PBXContainerItemProxy section */

/* Begin PBXFileReference section */
		C31B98EE27AFB3E30015C5F4 /* Rick-Morty-AppTests.xctest */ = {isa = PBXFileReference; explicitFileType = wrapper.cfbundle; includeInIndex = 0; path = "Rick-Morty-AppTests.xctest"; sourceTree = BUILT_PRODUCTS_DIR; };
		C31B98FA27AFB48F0015C5F4 /* CharacterListViewModelTests.swift */ = {isa = PBXFileReference; lastKnownFileType = sourcecode.swift; path = CharacterListViewModelTests.swift; sourceTree = "<group>"; };
		C31B98FC27AFB4D90015C5F4 /* MockCharacterUseCase.swift */ = {isa = PBXFileReference; fileEncoding = 4; lastKnownFileType = sourcecode.swift; path = MockCharacterUseCase.swift; sourceTree = "<group>"; };
		C31B990027AFB5230015C5F4 /* MockCharacterData.swift */ = {isa = PBXFileReference; fileEncoding = 4; lastKnownFileType = sourcecode.swift; path = MockCharacterData.swift; sourceTree = "<group>"; };
		C31B990127AFB5230015C5F4 /* MockCharacterRepository.swift */ = {isa = PBXFileReference; fileEncoding = 4; lastKnownFileType = sourcecode.swift; path = MockCharacterRepository.swift; sourceTree = "<group>"; };
		C31B990427AFB5490015C5F4 /* CharacterUseCaseTests.swift */ = {isa = PBXFileReference; lastKnownFileType = sourcecode.swift; path = CharacterUseCaseTests.swift; sourceTree = "<group>"; };
		C31B990627AFB7100015C5F4 /* CharacterDetailViewModelTests.swift */ = {isa = PBXFileReference; lastKnownFileType = sourcecode.swift; path = CharacterDetailViewModelTests.swift; sourceTree = "<group>"; };
		C3B1E65B27ADAADF00408676 /* Rick-Morty-App.app */ = {isa = PBXFileReference; explicitFileType = wrapper.application; includeInIndex = 0; path = "Rick-Morty-App.app"; sourceTree = BUILT_PRODUCTS_DIR; };
		C3B1E65E27ADAADF00408676 /* AppDelegate.swift */ = {isa = PBXFileReference; lastKnownFileType = sourcecode.swift; path = AppDelegate.swift; sourceTree = "<group>"; };
		C3B1E66727ADAAE000408676 /* Assets.xcassets */ = {isa = PBXFileReference; lastKnownFileType = folder.assetcatalog; path = Assets.xcassets; sourceTree = "<group>"; };
		C3B1E66A27ADAAE000408676 /* Base */ = {isa = PBXFileReference; lastKnownFileType = file.storyboard; name = Base; path = Base.lproj/LaunchScreen.storyboard; sourceTree = "<group>"; };
		C3B1E66C27ADAAE000408676 /* Info.plist */ = {isa = PBXFileReference; lastKnownFileType = text.plist.xml; path = Info.plist; sourceTree = "<group>"; };
		C3B1E67D27ADADC800408676 /* AppCoordinator.swift */ = {isa = PBXFileReference; lastKnownFileType = sourcecode.swift; path = AppCoordinator.swift; sourceTree = "<group>"; };
		C3B1E68027ADAE2A00408676 /* Coordinator.swift */ = {isa = PBXFileReference; lastKnownFileType = sourcecode.swift; path = Coordinator.swift; sourceTree = "<group>"; };
		C3B1E68227ADAE3F00408676 /* BaseCoordinator.swift */ = {isa = PBXFileReference; lastKnownFileType = sourcecode.swift; path = BaseCoordinator.swift; sourceTree = "<group>"; };
		C3B1E68527ADAEC900408676 /* CharacterListDIContainer.swift */ = {isa = PBXFileReference; lastKnownFileType = sourcecode.swift; path = CharacterListDIContainer.swift; sourceTree = "<group>"; };
		C3B1E68927ADB00E00408676 /* CharacterListCoordinator.swift */ = {isa = PBXFileReference; lastKnownFileType = sourcecode.swift; path = CharacterListCoordinator.swift; sourceTree = "<group>"; };
		C3B1E69127ADB10500408676 /* CharacterListViewModel.swift */ = {isa = PBXFileReference; lastKnownFileType = sourcecode.swift; path = CharacterListViewModel.swift; sourceTree = "<group>"; };
		C3B1E69427ADB1C900408676 /* CharacterRepository.swift */ = {isa = PBXFileReference; lastKnownFileType = sourcecode.swift; path = CharacterRepository.swift; sourceTree = "<group>"; };
		C3B1E69727ADB21E00408676 /* CharacterUseCase.swift */ = {isa = PBXFileReference; lastKnownFileType = sourcecode.swift; path = CharacterUseCase.swift; sourceTree = "<group>"; };
		C3B1E69927ADB33C00408676 /* AppDIContainer.swift */ = {isa = PBXFileReference; lastKnownFileType = sourcecode.swift; path = AppDIContainer.swift; sourceTree = "<group>"; };
		C3DF7F6E27AE57E700B6CEB1 /* CharacterListViewController.swift */ = {isa = PBXFileReference; lastKnownFileType = sourcecode.swift; path = CharacterListViewController.swift; sourceTree = "<group>"; };
		C3DF7F6F27AE57E700B6CEB1 /* CharacterListViewController.xib */ = {isa = PBXFileReference; lastKnownFileType = file.xib; path = CharacterListViewController.xib; sourceTree = "<group>"; };
		C3DF7F7327AE589D00B6CEB1 /* HTTPService.swift */ = {isa = PBXFileReference; lastKnownFileType = sourcecode.swift; path = HTTPService.swift; sourceTree = "<group>"; };
		C3DF7F7627AE593A00B6CEB1 /* RickMortyEndpoints.swift */ = {isa = PBXFileReference; lastKnownFileType = sourcecode.swift; path = RickMortyEndpoints.swift; sourceTree = "<group>"; };
		C3DF7F7827AE5A0D00B6CEB1 /* RestService.swift */ = {isa = PBXFileReference; lastKnownFileType = sourcecode.swift; path = RestService.swift; sourceTree = "<group>"; };
		C3DF7F7A27AE5A6D00B6CEB1 /* RickMortyError.swift */ = {isa = PBXFileReference; lastKnownFileType = sourcecode.swift; path = RickMortyError.swift; sourceTree = "<group>"; };
		C3DF7F7E27AE5BEB00B6CEB1 /* URL+Extension.swift */ = {isa = PBXFileReference; lastKnownFileType = sourcecode.swift; path = "URL+Extension.swift"; sourceTree = "<group>"; };
		C3DF7F8527AE6C0600B6CEB1 /* CharacterDTO.swift */ = {isa = PBXFileReference; lastKnownFileType = sourcecode.swift; path = CharacterDTO.swift; sourceTree = "<group>"; };
		C3DF7F8827AE75A500B6CEB1 /* Character.swift */ = {isa = PBXFileReference; lastKnownFileType = sourcecode.swift; path = Character.swift; sourceTree = "<group>"; };
		C3DF7F8D27AE9B1D00B6CEB1 /* CharacterTableViewCell.swift */ = {isa = PBXFileReference; lastKnownFileType = sourcecode.swift; path = CharacterTableViewCell.swift; sourceTree = "<group>"; };
		C3DF7F8E27AE9B1D00B6CEB1 /* CharacterTableViewCell.xib */ = {isa = PBXFileReference; lastKnownFileType = file.xib; path = CharacterTableViewCell.xib; sourceTree = "<group>"; };
		C3DF7F9127AEA45A00B6CEB1 /* UIView+Extension.swift */ = {isa = PBXFileReference; lastKnownFileType = sourcecode.swift; path = "UIView+Extension.swift"; sourceTree = "<group>"; };
		C3DF7F9327AEA4FC00B6CEB1 /* UITableView+Extension.swift */ = {isa = PBXFileReference; lastKnownFileType = sourcecode.swift; path = "UITableView+Extension.swift"; sourceTree = "<group>"; };
		C3DF7F9527AEA71C00B6CEB1 /* CharacterCellItemViewModel.swift */ = {isa = PBXFileReference; lastKnownFileType = sourcecode.swift; path = CharacterCellItemViewModel.swift; sourceTree = "<group>"; };
		C3DF7F9727AEB6E000B6CEB1 /* UIViewController+Extension.swift */ = {isa = PBXFileReference; lastKnownFileType = sourcecode.swift; path = "UIViewController+Extension.swift"; sourceTree = "<group>"; };
		C3DF7F9927AEBD6800B6CEB1 /* UIImageView+Extension.swift */ = {isa = PBXFileReference; lastKnownFileType = sourcecode.swift; path = "UIImageView+Extension.swift"; sourceTree = "<group>"; };
		C3DF7FA027AEEECA00B6CEB1 /* CharacterDetailViewController.swift */ = {isa = PBXFileReference; lastKnownFileType = sourcecode.swift; path = CharacterDetailViewController.swift; sourceTree = "<group>"; };
		C3DF7FA127AEEECA00B6CEB1 /* CharacterDetailViewController.xib */ = {isa = PBXFileReference; lastKnownFileType = file.xib; path = CharacterDetailViewController.xib; sourceTree = "<group>"; };
		C3DF7FA427AEF53200B6CEB1 /* CharacterDetailCoordinator.swift */ = {isa = PBXFileReference; lastKnownFileType = sourcecode.swift; path = CharacterDetailCoordinator.swift; sourceTree = "<group>"; };
		C3DF7FA627AEF94200B6CEB1 /* CharacterDetailDIContainer.swift */ = {isa = PBXFileReference; lastKnownFileType = sourcecode.swift; path = CharacterDetailDIContainer.swift; sourceTree = "<group>"; };
		C3DF7FA827AEF9D700B6CEB1 /* CharacterDetailViewModel.swift */ = {isa = PBXFileReference; lastKnownFileType = sourcecode.swift; path = CharacterDetailViewModel.swift; sourceTree = "<group>"; };
/* End PBXFileReference section */

/* Begin PBXFrameworksBuildPhase section */
		C31B98EB27AFB3E30015C5F4 /* Frameworks */ = {
			isa = PBXFrameworksBuildPhase;
			buildActionMask = 2147483647;
			files = (
			);
			runOnlyForDeploymentPostprocessing = 0;
		};
		C3B1E65827ADAADE00408676 /* Frameworks */ = {
			isa = PBXFrameworksBuildPhase;
			buildActionMask = 2147483647;
			files = (
			);
			runOnlyForDeploymentPostprocessing = 0;
		};
/* End PBXFrameworksBuildPhase section */

/* Begin PBXGroup section */
		C31B98EF27AFB3E30015C5F4 /* Rick-Morty-AppTests */ = {
			isa = PBXGroup;
			children = (
				C31B98F827AFB4660015C5F4 /* Domain */,
				C31B98F727AFB45D0015C5F4 /* ViewModel */,
			);
			path = "Rick-Morty-AppTests";
			sourceTree = "<group>";
		};
		C31B98F727AFB45D0015C5F4 /* ViewModel */ = {
			isa = PBXGroup;
			children = (
				C31B98F927AFB4760015C5F4 /* Mocks */,
				C31B98FA27AFB48F0015C5F4 /* CharacterListViewModelTests.swift */,
				C31B990627AFB7100015C5F4 /* CharacterDetailViewModelTests.swift */,
			);
			path = ViewModel;
			sourceTree = "<group>";
		};
		C31B98F827AFB4660015C5F4 /* Domain */ = {
			isa = PBXGroup;
			children = (
				C31B98FF27AFB5140015C5F4 /* UseCase */,
				C31B98FE27AFB50C0015C5F4 /* Mocks */,
			);
			path = Domain;
			sourceTree = "<group>";
		};
		C31B98F927AFB4760015C5F4 /* Mocks */ = {
			isa = PBXGroup;
			children = (
				C31B98FC27AFB4D90015C5F4 /* MockCharacterUseCase.swift */,
			);
			path = Mocks;
			sourceTree = "<group>";
		};
		C31B98FE27AFB50C0015C5F4 /* Mocks */ = {
			isa = PBXGroup;
			children = (
				C31B990027AFB5230015C5F4 /* MockCharacterData.swift */,
				C31B990127AFB5230015C5F4 /* MockCharacterRepository.swift */,
			);
			path = Mocks;
			sourceTree = "<group>";
		};
		C31B98FF27AFB5140015C5F4 /* UseCase */ = {
			isa = PBXGroup;
			children = (
				C31B990427AFB5490015C5F4 /* CharacterUseCaseTests.swift */,
			);
			path = UseCase;
			sourceTree = "<group>";
		};
		C3B1E65227ADAADE00408676 = {
			isa = PBXGroup;
			children = (
				C3B1E65D27ADAADF00408676 /* Rick-Morty-App */,
				C31B98EF27AFB3E30015C5F4 /* Rick-Morty-AppTests */,
				C3B1E65C27ADAADF00408676 /* Products */,
			);
			sourceTree = "<group>";
		};
		C3B1E65C27ADAADF00408676 /* Products */ = {
			isa = PBXGroup;
			children = (
				C3B1E65B27ADAADF00408676 /* Rick-Morty-App.app */,
				C31B98EE27AFB3E30015C5F4 /* Rick-Morty-AppTests.xctest */,
			);
			name = Products;
			sourceTree = "<group>";
		};
		C3B1E65D27ADAADF00408676 /* Rick-Morty-App */ = {
			isa = PBXGroup;
			children = (
				C3B1E67227ADAB6400408676 /* Common */,
				C3B1E67327ADAB6E00408676 /* Presentation */,
				C3B1E67427ADAB7E00408676 /* Resouces */,
				C3B1E67527ADAB9000408676 /* Data */,
				C3B1E67627ADAB9500408676 /* Domain */,
				C3DF7F7227AE588B00B6CEB1 /* Network */,
				C3B1E67727ADAB9A00408676 /* Application */,
			);
			path = "Rick-Morty-App";
			sourceTree = "<group>";
		};
		C3B1E67227ADAB6400408676 /* Common */ = {
			isa = PBXGroup;
			children = (
				C3DF7F7A27AE5A6D00B6CEB1 /* RickMortyError.swift */,
				C3B1E67F27ADAE1600408676 /* Coordinator */,
			);
			path = Common;
			sourceTree = "<group>";
		};
		C3B1E67327ADAB6E00408676 /* Presentation */ = {
			isa = PBXGroup;
			children = (
				C3DF7F7C27AE5BD600B6CEB1 /* Utils */,
				C3B1E68727ADAFF400408676 /* CharacterList */,
				C3DF7F9C27AEEC6700B6CEB1 /* CharacterDetail */,
			);
			path = Presentation;
			sourceTree = "<group>";
		};
		C3B1E67427ADAB7E00408676 /* Resouces */ = {
			isa = PBXGroup;
			children = (
				C3B1E66727ADAAE000408676 /* Assets.xcassets */,
				C3B1E66927ADAAE000408676 /* LaunchScreen.storyboard */,
				C3B1E66C27ADAAE000408676 /* Info.plist */,
			);
			path = Resouces;
			sourceTree = "<group>";
		};
		C3B1E67527ADAB9000408676 /* Data */ = {
			isa = PBXGroup;
			children = (
				C3DF7F8427AE6BEC00B6CEB1 /* DataModels */,
				C3B1E69327ADB18900408676 /* Repositories */,
			);
			path = Data;
			sourceTree = "<group>";
		};
		C3B1E67627ADAB9500408676 /* Domain */ = {
			isa = PBXGroup;
			children = (
				C3B1E69627ADB20B00408676 /* UseCase */,
				C3DF7F8727AE759500B6CEB1 /* Model */,
			);
			path = Domain;
			sourceTree = "<group>";
		};
		C3B1E67727ADAB9A00408676 /* Application */ = {
			isa = PBXGroup;
			children = (
				C3B1E68427ADAEA800408676 /* DIContainer */,
				C3B1E65E27ADAADF00408676 /* AppDelegate.swift */,
				C3B1E67D27ADADC800408676 /* AppCoordinator.swift */,
			);
			path = Application;
			sourceTree = "<group>";
		};
		C3B1E67F27ADAE1600408676 /* Coordinator */ = {
			isa = PBXGroup;
			children = (
				C3B1E68027ADAE2A00408676 /* Coordinator.swift */,
				C3B1E68227ADAE3F00408676 /* BaseCoordinator.swift */,
			);
			path = Coordinator;
			sourceTree = "<group>";
		};
		C3B1E68427ADAEA800408676 /* DIContainer */ = {
			isa = PBXGroup;
			children = (
				C3B1E68527ADAEC900408676 /* CharacterListDIContainer.swift */,
				C3DF7FA627AEF94200B6CEB1 /* CharacterDetailDIContainer.swift */,
				C3B1E69927ADB33C00408676 /* AppDIContainer.swift */,
			);
			path = DIContainer;
			sourceTree = "<group>";
		};
		C3B1E68727ADAFF400408676 /* CharacterList */ = {
			isa = PBXGroup;
			children = (
				C3B1E69027ADB0C200408676 /* ViewModel */,
				C3B1E68827ADAFFE00408676 /* Coordinator */,
				C3B1E68B27ADB07600408676 /* View */,
			);
			path = CharacterList;
			sourceTree = "<group>";
		};
		C3B1E68827ADAFFE00408676 /* Coordinator */ = {
			isa = PBXGroup;
			children = (
				C3B1E68927ADB00E00408676 /* CharacterListCoordinator.swift */,
			);
			path = Coordinator;
			sourceTree = "<group>";
		};
		C3B1E68B27ADB07600408676 /* View */ = {
			isa = PBXGroup;
			children = (
				C3DF7F8C27AE9B0800B6CEB1 /* CharacterCell */,
				C3DF7F6E27AE57E700B6CEB1 /* CharacterListViewController.swift */,
				C3DF7F6F27AE57E700B6CEB1 /* CharacterListViewController.xib */,
			);
			path = View;
			sourceTree = "<group>";
		};
		C3B1E69027ADB0C200408676 /* ViewModel */ = {
			isa = PBXGroup;
			children = (
				C3B1E69127ADB10500408676 /* CharacterListViewModel.swift */,
			);
			path = ViewModel;
			sourceTree = "<group>";
		};
		C3B1E69327ADB18900408676 /* Repositories */ = {
			isa = PBXGroup;
			children = (
				C3B1E69427ADB1C900408676 /* CharacterRepository.swift */,
			);
			path = Repositories;
			sourceTree = "<group>";
		};
		C3B1E69627ADB20B00408676 /* UseCase */ = {
			isa = PBXGroup;
			children = (
				C3B1E69727ADB21E00408676 /* CharacterUseCase.swift */,
			);
			path = UseCase;
			sourceTree = "<group>";
		};
		C3DF7F7227AE588B00B6CEB1 /* Network */ = {
			isa = PBXGroup;
			children = (
				C3DF7F7527AE592000B6CEB1 /* NetworkCore */,
				C3DF7F7627AE593A00B6CEB1 /* RickMortyEndpoints.swift */,
			);
			path = Network;
			sourceTree = "<group>";
		};
		C3DF7F7527AE592000B6CEB1 /* NetworkCore */ = {
			isa = PBXGroup;
			children = (
				C3DF7F7327AE589D00B6CEB1 /* HTTPService.swift */,
				C3DF7F7827AE5A0D00B6CEB1 /* RestService.swift */,
			);
			path = NetworkCore;
			sourceTree = "<group>";
		};
		C3DF7F7C27AE5BD600B6CEB1 /* Utils */ = {
			isa = PBXGroup;
			children = (
				C3DF7F7D27AE5BDC00B6CEB1 /* Extensions */,
			);
			path = Utils;
			sourceTree = "<group>";
		};
		C3DF7F7D27AE5BDC00B6CEB1 /* Extensions */ = {
			isa = PBXGroup;
			children = (
				C3DF7F7E27AE5BEB00B6CEB1 /* URL+Extension.swift */,
				C3DF7F9127AEA45A00B6CEB1 /* UIView+Extension.swift */,
				C3DF7F9327AEA4FC00B6CEB1 /* UITableView+Extension.swift */,
				C3DF7F9727AEB6E000B6CEB1 /* UIViewController+Extension.swift */,
				C3DF7F9927AEBD6800B6CEB1 /* UIImageView+Extension.swift */,
			);
			path = Extensions;
			sourceTree = "<group>";
		};
		C3DF7F8427AE6BEC00B6CEB1 /* DataModels */ = {
			isa = PBXGroup;
			children = (
				C3DF7F8527AE6C0600B6CEB1 /* CharacterDTO.swift */,
			);
			path = DataModels;
			sourceTree = "<group>";
		};
		C3DF7F8727AE759500B6CEB1 /* Model */ = {
			isa = PBXGroup;
			children = (
				C3DF7F8827AE75A500B6CEB1 /* Character.swift */,
			);
			path = Model;
			sourceTree = "<group>";
		};
		C3DF7F8C27AE9B0800B6CEB1 /* CharacterCell */ = {
			isa = PBXGroup;
			children = (
				C3DF7F8D27AE9B1D00B6CEB1 /* CharacterTableViewCell.swift */,
				C3DF7F8E27AE9B1D00B6CEB1 /* CharacterTableViewCell.xib */,
				C3DF7F9527AEA71C00B6CEB1 /* CharacterCellItemViewModel.swift */,
			);
			path = CharacterCell;
			sourceTree = "<group>";
		};
		C3DF7F9C27AEEC6700B6CEB1 /* CharacterDetail */ = {
			isa = PBXGroup;
			children = (
				C3DF7F9D27AEEC7900B6CEB1 /* ViewModel */,
				C3DF7F9E27AEEC8000B6CEB1 /* Coordinator */,
				C3DF7F9F27AEEC9C00B6CEB1 /* View */,
			);
			path = CharacterDetail;
			sourceTree = "<group>";
		};
		C3DF7F9D27AEEC7900B6CEB1 /* ViewModel */ = {
			isa = PBXGroup;
			children = (
				C3DF7FA827AEF9D700B6CEB1 /* CharacterDetailViewModel.swift */,
			);
			path = ViewModel;
			sourceTree = "<group>";
		};
		C3DF7F9E27AEEC8000B6CEB1 /* Coordinator */ = {
			isa = PBXGroup;
			children = (
				C3DF7FA427AEF53200B6CEB1 /* CharacterDetailCoordinator.swift */,
			);
			path = Coordinator;
			sourceTree = "<group>";
		};
		C3DF7F9F27AEEC9C00B6CEB1 /* View */ = {
			isa = PBXGroup;
			children = (
				C3DF7FA027AEEECA00B6CEB1 /* CharacterDetailViewController.swift */,
				C3DF7FA127AEEECA00B6CEB1 /* CharacterDetailViewController.xib */,
			);
			path = View;
			sourceTree = "<group>";
		};
/* End PBXGroup section */

/* Begin PBXNativeTarget section */
		C31B98ED27AFB3E30015C5F4 /* Rick-Morty-AppTests */ = {
			isa = PBXNativeTarget;
			buildConfigurationList = C31B98F427AFB3E30015C5F4 /* Build configuration list for PBXNativeTarget "Rick-Morty-AppTests" */;
			buildPhases = (
				C31B98EA27AFB3E30015C5F4 /* Sources */,
				C31B98EB27AFB3E30015C5F4 /* Frameworks */,
				C31B98EC27AFB3E30015C5F4 /* Resources */,
			);
			buildRules = (
			);
			dependencies = (
				C31B98F327AFB3E30015C5F4 /* PBXTargetDependency */,
			);
			name = "Rick-Morty-AppTests";
			productName = "Rick-Morty-AppTests";
			productReference = C31B98EE27AFB3E30015C5F4 /* Rick-Morty-AppTests.xctest */;
			productType = "com.apple.product-type.bundle.unit-test";
		};
		C3B1E65A27ADAADE00408676 /* Rick-Morty-App */ = {
			isa = PBXNativeTarget;
			buildConfigurationList = C3B1E66F27ADAAE000408676 /* Build configuration list for PBXNativeTarget "Rick-Morty-App" */;
			buildPhases = (
				C3B1E65727ADAADE00408676 /* Sources */,
				C3B1E65827ADAADE00408676 /* Frameworks */,
				C3B1E65927ADAADE00408676 /* Resources */,
				C3B1E69C27ADB48600408676 /* SwiftLint */,
			);
			buildRules = (
			);
			dependencies = (
			);
			name = "Rick-Morty-App";
			productName = "Rick-Morty-App";
			productReference = C3B1E65B27ADAADF00408676 /* Rick-Morty-App.app */;
			productType = "com.apple.product-type.application";
		};
/* End PBXNativeTarget section */

/* Begin PBXProject section */
		C3B1E65327ADAADE00408676 /* Project object */ = {
			isa = PBXProject;
			attributes = {
				BuildIndependentTargetsInParallel = 1;
				LastSwiftUpdateCheck = 1320;
				LastUpgradeCheck = 1320;
				TargetAttributes = {
					C31B98ED27AFB3E30015C5F4 = {
						CreatedOnToolsVersion = 13.2.1;
						TestTargetID = C3B1E65A27ADAADE00408676;
					};
					C3B1E65A27ADAADE00408676 = {
						CreatedOnToolsVersion = 13.2.1;
					};
				};
			};
			buildConfigurationList = C3B1E65627ADAADE00408676 /* Build configuration list for PBXProject "Rick-Morty-App" */;
			compatibilityVersion = "Xcode 13.0";
			developmentRegion = en;
			hasScannedForEncodings = 0;
			knownRegions = (
				en,
				Base,
			);
			mainGroup = C3B1E65227ADAADE00408676;
			productRefGroup = C3B1E65C27ADAADF00408676 /* Products */;
			projectDirPath = "";
			projectRoot = "";
			targets = (
				C3B1E65A27ADAADE00408676 /* Rick-Morty-App */,
				C31B98ED27AFB3E30015C5F4 /* Rick-Morty-AppTests */,
			);
		};
/* End PBXProject section */

/* Begin PBXResourcesBuildPhase section */
		C31B98EC27AFB3E30015C5F4 /* Resources */ = {
			isa = PBXResourcesBuildPhase;
			buildActionMask = 2147483647;
			files = (
			);
			runOnlyForDeploymentPostprocessing = 0;
		};
		C3B1E65927ADAADE00408676 /* Resources */ = {
			isa = PBXResourcesBuildPhase;
			buildActionMask = 2147483647;
			files = (
				C3B1E66B27ADAAE000408676 /* LaunchScreen.storyboard in Resources */,
				C3B1E66827ADAAE000408676 /* Assets.xcassets in Resources */,
				C3DF7F7127AE57E700B6CEB1 /* CharacterListViewController.xib in Resources */,
				C3DF7FA327AEEECA00B6CEB1 /* CharacterDetailViewController.xib in Resources */,
				C3DF7F9027AE9B1D00B6CEB1 /* CharacterTableViewCell.xib in Resources */,
			);
			runOnlyForDeploymentPostprocessing = 0;
		};
/* End PBXResourcesBuildPhase section */

/* Begin PBXShellScriptBuildPhase section */
		C3B1E69C27ADB48600408676 /* SwiftLint */ = {
			isa = PBXShellScriptBuildPhase;
			buildActionMask = 2147483647;
			files = (
			);
			inputFileListPaths = (
			);
			inputPaths = (
			);
			name = SwiftLint;
			outputFileListPaths = (
			);
			outputPaths = (
			);
			runOnlyForDeploymentPostprocessing = 0;
			shellPath = /bin/sh;
			shellScript = "if which swiftlint >/dev/null; then\n  swiftlint\nelse\n  echo \"warning: SwiftLint not installed, download from https://github.com/realm/SwiftLint\"\nfi\n\n";
		};
/* End PBXShellScriptBuildPhase section */

/* Begin PBXSourcesBuildPhase section */
		C31B98EA27AFB3E30015C5F4 /* Sources */ = {
			isa = PBXSourcesBuildPhase;
			buildActionMask = 2147483647;
			files = (
				C31B990527AFB5490015C5F4 /* CharacterUseCaseTests.swift in Sources */,
				C31B990727AFB7100015C5F4 /* CharacterDetailViewModelTests.swift in Sources */,
				C31B990227AFB5230015C5F4 /* MockCharacterData.swift in Sources */,
				C31B98FB27AFB48F0015C5F4 /* CharacterListViewModelTests.swift in Sources */,
				C31B98FD27AFB4D90015C5F4 /* MockCharacterUseCase.swift in Sources */,
				C31B990327AFB5230015C5F4 /* MockCharacterRepository.swift in Sources */,
			);
			runOnlyForDeploymentPostprocessing = 0;
		};
		C3B1E65727ADAADE00408676 /* Sources */ = {
			isa = PBXSourcesBuildPhase;
			buildActionMask = 2147483647;
			files = (
				C3DF7F9827AEB6E000B6CEB1 /* UIViewController+Extension.swift in Sources */,
				C3B1E68627ADAEC900408676 /* CharacterListDIContainer.swift in Sources */,
				C3B1E68327ADAE3F00408676 /* BaseCoordinator.swift in Sources */,
				C3B1E68127ADAE2A00408676 /* Coordinator.swift in Sources */,
				C3DF7F8627AE6C0600B6CEB1 /* CharacterDTO.swift in Sources */,
				C3DF7FA727AEF94200B6CEB1 /* CharacterDetailDIContainer.swift in Sources */,
				C3DF7F7727AE593A00B6CEB1 /* RickMortyEndpoints.swift in Sources */,
				C3B1E65F27ADAADF00408676 /* AppDelegate.swift in Sources */,
				C3DF7F7027AE57E700B6CEB1 /* CharacterListViewController.swift in Sources */,
				C3DF7F8F27AE9B1D00B6CEB1 /* CharacterTableViewCell.swift in Sources */,
				C3B1E69827ADB21E00408676 /* CharacterUseCase.swift in Sources */,
				C3DF7F7B27AE5A6D00B6CEB1 /* RickMortyError.swift in Sources */,
				C3B1E69227ADB10500408676 /* CharacterListViewModel.swift in Sources */,
				C3DF7F9427AEA4FC00B6CEB1 /* UITableView+Extension.swift in Sources */,
				C3DF7F7427AE589D00B6CEB1 /* HTTPService.swift in Sources */,
				C3DF7F7F27AE5BEB00B6CEB1 /* URL+Extension.swift in Sources */,
				C3B1E68A27ADB00E00408676 /* CharacterListCoordinator.swift in Sources */,
				C3B1E69A27ADB33C00408676 /* AppDIContainer.swift in Sources */,
				C3DF7F9227AEA45A00B6CEB1 /* UIView+Extension.swift in Sources */,
				C3DF7F9A27AEBD6800B6CEB1 /* UIImageView+Extension.swift in Sources */,
				C3B1E67E27ADADC800408676 /* AppCoordinator.swift in Sources */,
				C3DF7FA927AEF9D800B6CEB1 /* CharacterDetailViewModel.swift in Sources */,
				C3DF7FA227AEEECA00B6CEB1 /* CharacterDetailViewController.swift in Sources */,
				C3DF7F9627AEA71C00B6CEB1 /* CharacterCellItemViewModel.swift in Sources */,
				C3B1E69527ADB1C900408676 /* CharacterRepository.swift in Sources */,
				C3DF7F7927AE5A0D00B6CEB1 /* RestService.swift in Sources */,
				C3DF7FA527AEF53200B6CEB1 /* CharacterDetailCoordinator.swift in Sources */,
				C3DF7F8927AE75A500B6CEB1 /* Character.swift in Sources */,
			);
			runOnlyForDeploymentPostprocessing = 0;
		};
/* End PBXSourcesBuildPhase section */

/* Begin PBXTargetDependency section */
		C31B98F327AFB3E30015C5F4 /* PBXTargetDependency */ = {
			isa = PBXTargetDependency;
			target = C3B1E65A27ADAADE00408676 /* Rick-Morty-App */;
			targetProxy = C31B98F227AFB3E30015C5F4 /* PBXContainerItemProxy */;
		};
/* End PBXTargetDependency section */

/* Begin PBXVariantGroup section */
		C3B1E66927ADAAE000408676 /* LaunchScreen.storyboard */ = {
			isa = PBXVariantGroup;
			children = (
				C3B1E66A27ADAAE000408676 /* Base */,
			);
			name = LaunchScreen.storyboard;
			sourceTree = "<group>";
		};
/* End PBXVariantGroup section */

/* Begin XCBuildConfiguration section */
		C31B98F527AFB3E30015C5F4 /* Debug */ = {
			isa = XCBuildConfiguration;
			buildSettings = {
				BUNDLE_LOADER = "$(TEST_HOST)";
				CODE_SIGN_STYLE = Automatic;
				CURRENT_PROJECT_VERSION = 1;
				GENERATE_INFOPLIST_FILE = YES;
				MARKETING_VERSION = 1.0;
				PRODUCT_BUNDLE_IDENTIFIER = "com.syed.Rick-Morty-AppTests";
				PRODUCT_NAME = "$(TARGET_NAME)";
				SWIFT_EMIT_LOC_STRINGS = NO;
				SWIFT_VERSION = 5.0;
				TARGETED_DEVICE_FAMILY = "1,2";
				TEST_HOST = "$(BUILT_PRODUCTS_DIR)/Rick-Morty-App.app/Rick-Morty-App";
			};
			name = Debug;
		};
		C31B98F627AFB3E30015C5F4 /* Release */ = {
			isa = XCBuildConfiguration;
			buildSettings = {
				BUNDLE_LOADER = "$(TEST_HOST)";
				CODE_SIGN_STYLE = Automatic;
				CURRENT_PROJECT_VERSION = 1;
				GENERATE_INFOPLIST_FILE = YES;
				MARKETING_VERSION = 1.0;
				PRODUCT_BUNDLE_IDENTIFIER = "com.syed.Rick-Morty-AppTests";
				PRODUCT_NAME = "$(TARGET_NAME)";
				SWIFT_EMIT_LOC_STRINGS = NO;
				SWIFT_VERSION = 5.0;
				TARGETED_DEVICE_FAMILY = "1,2";
				TEST_HOST = "$(BUILT_PRODUCTS_DIR)/Rick-Morty-App.app/Rick-Morty-App";
			};
			name = Release;
		};
		C3B1E66D27ADAAE000408676 /* Debug */ = {
			isa = XCBuildConfiguration;
			buildSettings = {
				ALWAYS_SEARCH_USER_PATHS = NO;
				CLANG_ANALYZER_NONNULL = YES;
				CLANG_ANALYZER_NUMBER_OBJECT_CONVERSION = YES_AGGRESSIVE;
				CLANG_CXX_LANGUAGE_STANDARD = "gnu++17";
				CLANG_CXX_LIBRARY = "libc++";
				CLANG_ENABLE_MODULES = YES;
				CLANG_ENABLE_OBJC_ARC = YES;
				CLANG_ENABLE_OBJC_WEAK = YES;
				CLANG_WARN_BLOCK_CAPTURE_AUTORELEASING = YES;
				CLANG_WARN_BOOL_CONVERSION = YES;
				CLANG_WARN_COMMA = YES;
				CLANG_WARN_CONSTANT_CONVERSION = YES;
				CLANG_WARN_DEPRECATED_OBJC_IMPLEMENTATIONS = YES;
				CLANG_WARN_DIRECT_OBJC_ISA_USAGE = YES_ERROR;
				CLANG_WARN_DOCUMENTATION_COMMENTS = YES;
				CLANG_WARN_EMPTY_BODY = YES;
				CLANG_WARN_ENUM_CONVERSION = YES;
				CLANG_WARN_INFINITE_RECURSION = YES;
				CLANG_WARN_INT_CONVERSION = YES;
				CLANG_WARN_NON_LITERAL_NULL_CONVERSION = YES;
				CLANG_WARN_OBJC_IMPLICIT_RETAIN_SELF = YES;
				CLANG_WARN_OBJC_LITERAL_CONVERSION = YES;
				CLANG_WARN_OBJC_ROOT_CLASS = YES_ERROR;
				CLANG_WARN_QUOTED_INCLUDE_IN_FRAMEWORK_HEADER = YES;
				CLANG_WARN_RANGE_LOOP_ANALYSIS = YES;
				CLANG_WARN_STRICT_PROTOTYPES = YES;
				CLANG_WARN_SUSPICIOUS_MOVE = YES;
				CLANG_WARN_UNGUARDED_AVAILABILITY = YES_AGGRESSIVE;
				CLANG_WARN_UNREACHABLE_CODE = YES;
				CLANG_WARN__DUPLICATE_METHOD_MATCH = YES;
				COPY_PHASE_STRIP = NO;
				DEBUG_INFORMATION_FORMAT = dwarf;
				ENABLE_STRICT_OBJC_MSGSEND = YES;
				ENABLE_TESTABILITY = YES;
				GCC_C_LANGUAGE_STANDARD = gnu11;
				GCC_DYNAMIC_NO_PIC = NO;
				GCC_NO_COMMON_BLOCKS = YES;
				GCC_OPTIMIZATION_LEVEL = 0;
				GCC_PREPROCESSOR_DEFINITIONS = (
					"DEBUG=1",
					"$(inherited)",
				);
				GCC_WARN_64_TO_32_BIT_CONVERSION = YES;
				GCC_WARN_ABOUT_RETURN_TYPE = YES_ERROR;
				GCC_WARN_UNDECLARED_SELECTOR = YES;
				GCC_WARN_UNINITIALIZED_AUTOS = YES_AGGRESSIVE;
				GCC_WARN_UNUSED_FUNCTION = YES;
				GCC_WARN_UNUSED_VARIABLE = YES;
				IPHONEOS_DEPLOYMENT_TARGET = 15.2;
				MTL_ENABLE_DEBUG_INFO = INCLUDE_SOURCE;
				MTL_FAST_MATH = YES;
				ONLY_ACTIVE_ARCH = YES;
				SDKROOT = iphoneos;
				SWIFT_ACTIVE_COMPILATION_CONDITIONS = DEBUG;
				SWIFT_OPTIMIZATION_LEVEL = "-Onone";
			};
			name = Debug;
		};
		C3B1E66E27ADAAE000408676 /* Release */ = {
			isa = XCBuildConfiguration;
			buildSettings = {
				ALWAYS_SEARCH_USER_PATHS = NO;
				CLANG_ANALYZER_NONNULL = YES;
				CLANG_ANALYZER_NUMBER_OBJECT_CONVERSION = YES_AGGRESSIVE;
				CLANG_CXX_LANGUAGE_STANDARD = "gnu++17";
				CLANG_CXX_LIBRARY = "libc++";
				CLANG_ENABLE_MODULES = YES;
				CLANG_ENABLE_OBJC_ARC = YES;
				CLANG_ENABLE_OBJC_WEAK = YES;
				CLANG_WARN_BLOCK_CAPTURE_AUTORELEASING = YES;
				CLANG_WARN_BOOL_CONVERSION = YES;
				CLANG_WARN_COMMA = YES;
				CLANG_WARN_CONSTANT_CONVERSION = YES;
				CLANG_WARN_DEPRECATED_OBJC_IMPLEMENTATIONS = YES;
				CLANG_WARN_DIRECT_OBJC_ISA_USAGE = YES_ERROR;
				CLANG_WARN_DOCUMENTATION_COMMENTS = YES;
				CLANG_WARN_EMPTY_BODY = YES;
				CLANG_WARN_ENUM_CONVERSION = YES;
				CLANG_WARN_INFINITE_RECURSION = YES;
				CLANG_WARN_INT_CONVERSION = YES;
				CLANG_WARN_NON_LITERAL_NULL_CONVERSION = YES;
				CLANG_WARN_OBJC_IMPLICIT_RETAIN_SELF = YES;
				CLANG_WARN_OBJC_LITERAL_CONVERSION = YES;
				CLANG_WARN_OBJC_ROOT_CLASS = YES_ERROR;
				CLANG_WARN_QUOTED_INCLUDE_IN_FRAMEWORK_HEADER = YES;
				CLANG_WARN_RANGE_LOOP_ANALYSIS = YES;
				CLANG_WARN_STRICT_PROTOTYPES = YES;
				CLANG_WARN_SUSPICIOUS_MOVE = YES;
				CLANG_WARN_UNGUARDED_AVAILABILITY = YES_AGGRESSIVE;
				CLANG_WARN_UNREACHABLE_CODE = YES;
				CLANG_WARN__DUPLICATE_METHOD_MATCH = YES;
				COPY_PHASE_STRIP = NO;
				DEBUG_INFORMATION_FORMAT = "dwarf-with-dsym";
				ENABLE_NS_ASSERTIONS = NO;
				ENABLE_STRICT_OBJC_MSGSEND = YES;
				GCC_C_LANGUAGE_STANDARD = gnu11;
				GCC_NO_COMMON_BLOCKS = YES;
				GCC_WARN_64_TO_32_BIT_CONVERSION = YES;
				GCC_WARN_ABOUT_RETURN_TYPE = YES_ERROR;
				GCC_WARN_UNDECLARED_SELECTOR = YES;
				GCC_WARN_UNINITIALIZED_AUTOS = YES_AGGRESSIVE;
				GCC_WARN_UNUSED_FUNCTION = YES;
				GCC_WARN_UNUSED_VARIABLE = YES;
				IPHONEOS_DEPLOYMENT_TARGET = 15.2;
				MTL_ENABLE_DEBUG_INFO = NO;
				MTL_FAST_MATH = YES;
				SDKROOT = iphoneos;
				SWIFT_COMPILATION_MODE = wholemodule;
				SWIFT_OPTIMIZATION_LEVEL = "-O";
				VALIDATE_PRODUCT = YES;
			};
			name = Release;
		};
		C3B1E67027ADAAE000408676 /* Debug */ = {
			isa = XCBuildConfiguration;
			buildSettings = {
				ASSETCATALOG_COMPILER_APPICON_NAME = AppIcon;
				ASSETCATALOG_COMPILER_GLOBAL_ACCENT_COLOR_NAME = AccentColor;
				CODE_SIGN_STYLE = Automatic;
				CURRENT_PROJECT_VERSION = 1;
				GENERATE_INFOPLIST_FILE = YES;
				INFOPLIST_FILE = "Rick-Morty-App/Resouces/Info.plist";
				INFOPLIST_KEY_UIApplicationSupportsIndirectInputEvents = YES;
				INFOPLIST_KEY_UILaunchStoryboardName = LaunchScreen;
				INFOPLIST_KEY_UISupportedInterfaceOrientations = UIInterfaceOrientationPortrait;
				INFOPLIST_KEY_UISupportedInterfaceOrientations_iPad = "UIInterfaceOrientationPortrait UIInterfaceOrientationPortraitUpsideDown UIInterfaceOrientationLandscapeLeft UIInterfaceOrientationLandscapeRight";
				INFOPLIST_KEY_UISupportedInterfaceOrientations_iPhone = "UIInterfaceOrientationPortrait UIInterfaceOrientationLandscapeLeft UIInterfaceOrientationLandscapeRight";
				INFOPLIST_KEY_UIUserInterfaceStyle = Light;
				IPHONEOS_DEPLOYMENT_TARGET = 10.0;
				LD_RUNPATH_SEARCH_PATHS = (
					"$(inherited)",
					"@executable_path/Frameworks",
				);
				MARKETING_VERSION = 1.0;
				PRODUCT_BUNDLE_IDENTIFIER = "com.syed.Rick-Morty-App";
				PRODUCT_NAME = "$(TARGET_NAME)";
				SWIFT_EMIT_LOC_STRINGS = YES;
				SWIFT_VERSION = 5.0;
				TARGETED_DEVICE_FAMILY = 1;
			};
			name = Debug;
		};
		C3B1E67127ADAAE000408676 /* Release */ = {
			isa = XCBuildConfiguration;
			buildSettings = {
				ASSETCATALOG_COMPILER_APPICON_NAME = AppIcon;
				ASSETCATALOG_COMPILER_GLOBAL_ACCENT_COLOR_NAME = AccentColor;
				CODE_SIGN_STYLE = Automatic;
				CURRENT_PROJECT_VERSION = 1;
				GENERATE_INFOPLIST_FILE = YES;
				INFOPLIST_FILE = "Rick-Morty-App/Resouces/Info.plist";
				INFOPLIST_KEY_UIApplicationSupportsIndirectInputEvents = YES;
				INFOPLIST_KEY_UILaunchStoryboardName = LaunchScreen;
				INFOPLIST_KEY_UISupportedInterfaceOrientations = UIInterfaceOrientationPortrait;
				INFOPLIST_KEY_UISupportedInterfaceOrientations_iPad = "UIInterfaceOrientationPortrait UIInterfaceOrientationPortraitUpsideDown UIInterfaceOrientationLandscapeLeft UIInterfaceOrientationLandscapeRight";
				INFOPLIST_KEY_UISupportedInterfaceOrientations_iPhone = "UIInterfaceOrientationPortrait UIInterfaceOrientationLandscapeLeft UIInterfaceOrientationLandscapeRight";
				INFOPLIST_KEY_UIUserInterfaceStyle = Light;
				IPHONEOS_DEPLOYMENT_TARGET = 10.0;
				LD_RUNPATH_SEARCH_PATHS = (
					"$(inherited)",
					"@executable_path/Frameworks",
				);
				MARKETING_VERSION = 1.0;
				PRODUCT_BUNDLE_IDENTIFIER = "com.syed.Rick-Morty-App";
				PRODUCT_NAME = "$(TARGET_NAME)";
				SWIFT_EMIT_LOC_STRINGS = YES;
				SWIFT_VERSION = 5.0;
				TARGETED_DEVICE_FAMILY = 1;
			};
			name = Release;
		};
/* End XCBuildConfiguration section */

/* Begin XCConfigurationList section */
		C31B98F427AFB3E30015C5F4 /* Build configuration list for PBXNativeTarget "Rick-Morty-AppTests" */ = {
			isa = XCConfigurationList;
			buildConfigurations = (
				C31B98F527AFB3E30015C5F4 /* Debug */,
				C31B98F627AFB3E30015C5F4 /* Release */,
			);
			defaultConfigurationIsVisible = 0;
			defaultConfigurationName = Release;
		};
		C3B1E65627ADAADE00408676 /* Build configuration list for PBXProject "Rick-Morty-App" */ = {
			isa = XCConfigurationList;
			buildConfigurations = (
				C3B1E66D27ADAAE000408676 /* Debug */,
				C3B1E66E27ADAAE000408676 /* Release */,
			);
			defaultConfigurationIsVisible = 0;
			defaultConfigurationName = Release;
		};
		C3B1E66F27ADAAE000408676 /* Build configuration list for PBXNativeTarget "Rick-Morty-App" */ = {
			isa = XCConfigurationList;
			buildConfigurations = (
				C3B1E67027ADAAE000408676 /* Debug */,
				C3B1E67127ADAAE000408676 /* Release */,
			);
			defaultConfigurationIsVisible = 0;
			defaultConfigurationName = Release;
		};
/* End XCConfigurationList section */
	};
	rootObject = C3B1E65327ADAADE00408676 /* Project object */;
}
